
Microsoft Visual Studio Solution File, Format Version 12.00
# Visual Studio Version 16
VisualStudioVersion = 16.0.31624.102
MinimumVisualStudioVersion = 10.0.40219.1
Project("{9A19103F-16F7-4668-BE54-9A1E7A4F7556}") = "les01ReturnFunctie", "les01ReturnFunctie.csproj", "{D9A9CE72-6690-4FE7-BA2F-9EDD27A06727}"
EndProject
Global
	GlobalSection(SolutionConfigurationPlatforms) = preSolution
		Debug|Any CPU = Debug|Any CPU
		Release|Any CPU = Release|Any CPU
	EndGlobalSection
	GlobalSection(ProjectConfigurationPlatforms) = postSolution
		{D9A9CE72-6690-4FE7-BA2F-9EDD27A06727}.Debug|Any CPU.ActiveCfg = Debug|Any CPU
		{D9A9CE72-6690-4FE7-BA2F-9EDD27A06727}.Debug|Any CPU.Build.0 = Debug|Any CPU
		{D9A9CE72-6690-4FE7-BA2F-9EDD27A06727}.Release|Any CPU.ActiveCfg = Release|Any CPU
		{D9A9CE72-6690-4FE7-BA2F-9EDD27A06727}.Release|Any CPU.Build.0 = Release|Any CPU
	EndGlobalSection
	GlobalSection(SolutionProperties) = preSolution
		HideSolutionNode = FALSE
	EndGlobalSection
	GlobalSection(ExtensibilityGlobals) = postSolution
		SolutionGuid = {3D5DBA4F-A875-414D-9099-6C1AE33DF2C9}
	EndGlobalSection
EndGlobal
